
Microsoft Visual Studio Solution File, Format Version 12.00
# Visual Studio 14
VisualStudioVersion = 14.0.24720.0
MinimumVisualStudioVersion = 10.0.40219.1
Project("{FAE04EC0-301F-11D3-BF4B-00C04F79EFBC}") = "EsStudio", "EsStudio\EsStudio.csproj", "{62837A0A-AE92-4275-B16B-29C909AF4ED3}"
EndProject
Project("{FAE04EC0-301F-11D3-BF4B-00C04F79EFBC}") = "Ecusystems.EsLoaderModule", "Ecusystems.EsLoader\Ecusystems.EsLoaderModule.csproj", "{D88CE936-20D5-4DFE-9704-555E11010C27}"
EndProject
Project("{FAE04EC0-301F-11D3-BF4B-00C04F79EFBC}") = "Ecusystems.EsPassThruDevice", "Ecusystems.EsPassThruDevice\Ecusystems.EsPassThruDevice.csproj", "{D08ECB4C-C191-45F4-A5C6-E8A327E36225}"
EndProject
Project("{FAE04EC0-301F-11D3-BF4B-00C04F79EFBC}") = "Ecusystems.Common", "Ecusystems.Common\Ecusystems.Common.csproj", "{371C8ADD-7828-4043-9219-9225B815CA39}"
EndProject
Project("{FAE04EC0-301F-11D3-BF4B-00C04F79EFBC}") = "J2534DotNet", "J2534DotNet\J2534DotNet\J2534DotNet.csproj", "{D99E0DE7-2F06-41E3-B33E-687E1B425A7F}"
EndProject
Project("{FAE04EC0-301F-11D3-BF4B-00C04F79EFBC}") = "DemoWpfApplication", "DemoWpfApplication\DemoWpfApplication.csproj", "{DB945882-416E-48E6-8C0B-DC548A379FCE}"
EndProject
Project("{FAE04EC0-301F-11D3-BF4B-00C04F79EFBC}") = "Ecusystems.EsDiagnosticModule", "Ecusystems.EsDiagnostic\Ecusystems.EsDiagnosticModule.csproj", "{1EE9B54E-C80D-4129-8C1D-8724AD6AB1D5}"
EndProject
Project("{2150E333-8FDC-42A3-9474-1A3956D46DE8}") = "Modules", "Modules", "{A60D7DE5-22FB-4F56-8DF2-1F65D58DA86B}"
EndProject
Global
	GlobalSection(SolutionConfigurationPlatforms) = preSolution
		Debug|Any CPU = Debug|Any CPU
		Debug|x86 = Debug|x86
		Release|Any CPU = Release|Any CPU
		Release|x86 = Release|x86
	EndGlobalSection
	GlobalSection(ProjectConfigurationPlatforms) = postSolution
		{62837A0A-AE92-4275-B16B-29C909AF4ED3}.Debug|Any CPU.ActiveCfg = Debug|Any CPU
		{62837A0A-AE92-4275-B16B-29C909AF4ED3}.Debug|Any CPU.Build.0 = Debug|Any CPU
		{62837A0A-AE92-4275-B16B-29C909AF4ED3}.Debug|x86.ActiveCfg = Debug|Any CPU
		{62837A0A-AE92-4275-B16B-29C909AF4ED3}.Debug|x86.Build.0 = Debug|Any CPU
		{62837A0A-AE92-4275-B16B-29C909AF4ED3}.Release|Any CPU.ActiveCfg = Release|Any CPU
		{62837A0A-AE92-4275-B16B-29C909AF4ED3}.Release|Any CPU.Build.0 = Release|Any CPU
		{62837A0A-AE92-4275-B16B-29C909AF4ED3}.Release|x86.ActiveCfg = Release|Any CPU
		{62837A0A-AE92-4275-B16B-29C909AF4ED3}.Release|x86.Build.0 = Release|Any CPU
		{D88CE936-20D5-4DFE-9704-555E11010C27}.Debug|Any CPU.ActiveCfg = Debug|Any CPU
		{D88CE936-20D5-4DFE-9704-555E11010C27}.Debug|Any CPU.Build.0 = Debug|Any CPU
		{D88CE936-20D5-4DFE-9704-555E11010C27}.Debug|x86.ActiveCfg = Debug|Any CPU
		{D88CE936-20D5-4DFE-9704-555E11010C27}.Debug|x86.Build.0 = Debug|Any CPU
		{D88CE936-20D5-4DFE-9704-555E11010C27}.Release|Any CPU.ActiveCfg = Release|Any CPU
		{D88CE936-20D5-4DFE-9704-555E11010C27}.Release|Any CPU.Build.0 = Release|Any CPU
		{D88CE936-20D5-4DFE-9704-555E11010C27}.Release|x86.ActiveCfg = Release|Any CPU
		{D88CE936-20D5-4DFE-9704-555E11010C27}.Release|x86.Build.0 = Release|Any CPU
		{D08ECB4C-C191-45F4-A5C6-E8A327E36225}.Debug|Any CPU.ActiveCfg = Debug|Any CPU
		{D08ECB4C-C191-45F4-A5C6-E8A327E36225}.Debug|Any CPU.Build.0 = Debug|Any CPU
		{D08ECB4C-C191-45F4-A5C6-E8A327E36225}.Debug|x86.ActiveCfg = Debug|Any CPU
		{D08ECB4C-C191-45F4-A5C6-E8A327E36225}.Debug|x86.Build.0 = Debug|Any CPU
		{D08ECB4C-C191-45F4-A5C6-E8A327E36225}.Release|Any CPU.ActiveCfg = Release|Any CPU
		{D08ECB4C-C191-45F4-A5C6-E8A327E36225}.Release|Any CPU.Build.0 = Release|Any CPU
		{D08ECB4C-C191-45F4-A5C6-E8A327E36225}.Release|x86.ActiveCfg = Release|Any CPU
		{D08ECB4C-C191-45F4-A5C6-E8A327E36225}.Release|x86.Build.0 = Release|Any CPU
		{371C8ADD-7828-4043-9219-9225B815CA39}.Debug|Any CPU.ActiveCfg = Debug|Any CPU
		{371C8ADD-7828-4043-9219-9225B815CA39}.Debug|Any CPU.Build.0 = Debug|Any CPU
		{371C8ADD-7828-4043-9219-9225B815CA39}.Debug|x86.ActiveCfg = Debug|Any CPU
		{371C8ADD-7828-4043-9219-9225B815CA39}.Debug|x86.Build.0 = Debug|Any CPU
		{371C8ADD-7828-4043-9219-9225B815CA39}.Release|Any CPU.ActiveCfg = Release|Any CPU
		{371C8ADD-7828-4043-9219-9225B815CA39}.Release|Any CPU.Build.0 = Release|Any CPU
		{371C8ADD-7828-4043-9219-9225B815CA39}.Release|x86.ActiveCfg = Release|Any CPU
		{371C8ADD-7828-4043-9219-9225B815CA39}.Release|x86.Build.0 = Release|Any CPU
		{D99E0DE7-2F06-41E3-B33E-687E1B425A7F}.Debug|Any CPU.ActiveCfg = Debug|Any CPU
		{D99E0DE7-2F06-41E3-B33E-687E1B425A7F}.Debug|Any CPU.Build.0 = Debug|Any CPU
		{D99E0DE7-2F06-41E3-B33E-687E1B425A7F}.Debug|x86.ActiveCfg = Debug|x86
		{D99E0DE7-2F06-41E3-B33E-687E1B425A7F}.Debug|x86.Build.0 = Debug|x86
		{D99E0DE7-2F06-41E3-B33E-687E1B425A7F}.Release|Any CPU.ActiveCfg = Release|Any CPU
		{D99E0DE7-2F06-41E3-B33E-687E1B425A7F}.Release|Any CPU.Build.0 = Release|Any CPU
		{D99E0DE7-2F06-41E3-B33E-687E1B425A7F}.Release|x86.ActiveCfg = Release|x86
		{D99E0DE7-2F06-41E3-B33E-687E1B425A7F}.Release|x86.Build.0 = Release|x86
		{DB945882-416E-48E6-8C0B-DC548A379FCE}.Debug|Any CPU.ActiveCfg = Debug|Any CPU
		{DB945882-416E-48E6-8C0B-DC548A379FCE}.Debug|Any CPU.Build.0 = Debug|Any CPU
		{DB945882-416E-48E6-8C0B-DC548A379FCE}.Debug|x86.ActiveCfg = Debug|Any CPU
		{DB945882-416E-48E6-8C0B-DC548A379FCE}.Debug|x86.Build.0 = Debug|Any CPU
		{DB945882-416E-48E6-8C0B-DC548A379FCE}.Release|Any CPU.ActiveCfg = Release|Any CPU
		{DB945882-416E-48E6-8C0B-DC548A379FCE}.Release|Any CPU.Build.0 = Release|Any CPU
		{DB945882-416E-48E6-8C0B-DC548A379FCE}.Release|x86.ActiveCfg = Release|Any CPU
		{DB945882-416E-48E6-8C0B-DC548A379FCE}.Release|x86.Build.0 = Release|Any CPU
		{1EE9B54E-C80D-4129-8C1D-8724AD6AB1D5}.Debug|Any CPU.ActiveCfg = Debug|Any CPU
		{1EE9B54E-C80D-4129-8C1D-8724AD6AB1D5}.Debug|Any CPU.Build.0 = Debug|Any CPU
		{1EE9B54E-C80D-4129-8C1D-8724AD6AB1D5}.Debug|x86.ActiveCfg = Debug|Any CPU
		{1EE9B54E-C80D-4129-8C1D-8724AD6AB1D5}.Debug|x86.Build.0 = Debug|Any CPU
		{1EE9B54E-C80D-4129-8C1D-8724AD6AB1D5}.Release|Any CPU.ActiveCfg = Release|Any CPU
		{1EE9B54E-C80D-4129-8C1D-8724AD6AB1D5}.Release|Any CPU.Build.0 = Release|Any CPU
		{1EE9B54E-C80D-4129-8C1D-8724AD6AB1D5}.Release|x86.ActiveCfg = Release|Any CPU
		{1EE9B54E-C80D-4129-8C1D-8724AD6AB1D5}.Release|x86.Build.0 = Release|Any CPU
	EndGlobalSection
	GlobalSection(SolutionProperties) = preSolution
		HideSolutionNode = FALSE
	EndGlobalSection
	GlobalSection(NestedProjects) = preSolution
		{D88CE936-20D5-4DFE-9704-555E11010C27} = {A60D7DE5-22FB-4F56-8DF2-1F65D58DA86B}
		{1EE9B54E-C80D-4129-8C1D-8724AD6AB1D5} = {A60D7DE5-22FB-4F56-8DF2-1F65D58DA86B}
	EndGlobalSection
EndGlobal
